
Microsoft Visual Studio Solution File, Format Version 12.00
# Visual Studio Version 17
VisualStudioVersion = 17.2.32505.173
MinimumVisualStudioVersion = 10.0.40219.1
Project("{8BC9CEB8-8B4A-11D0-8D11-00A0C91BC942}") = "Ejemplo02", "Ejemplo02\Ejemplo02.vcxproj", "{E3540889-0C7C-4C98-9276-F15B82B4FB7D}"
EndProject
Global
	GlobalSection(SolutionConfigurationPlatforms) = preSolution
		Debug|x64 = Debug|x64
		Debug|x86 = Debug|x86
		Release|x64 = Release|x64
		Release|x86 = Release|x86
	EndGlobalSection
	GlobalSection(ProjectConfigurationPlatforms) = postSolution
		{E3540889-0C7C-4C98-9276-F15B82B4FB7D}.Debug|x64.ActiveCfg = Debug|x64
		{E3540889-0C7C-4C98-9276-F15B82B4FB7D}.Debug|x64.Build.0 = Debug|x64
		{E3540889-0C7C-4C98-9276-F15B82B4FB7D}.Debug|x86.ActiveCfg = Debug|Win32
		{E3540889-0C7C-4C98-9276-F15B82B4FB7D}.Debug|x86.Build.0 = Debug|Win32
		{E3540889-0C7C-4C98-9276-F15B82B4FB7D}.Release|x64.ActiveCfg = Release|x64
		{E3540889-0C7C-4C98-9276-F15B82B4FB7D}.Release|x64.Build.0 = Release|x64
		{E3540889-0C7C-4C98-9276-F15B82B4FB7D}.Release|x86.ActiveCfg = Release|Win32
		{E3540889-0C7C-4C98-9276-F15B82B4FB7D}.Release|x86.Build.0 = Release|Win32
	EndGlobalSection
	GlobalSection(SolutionProperties) = preSolution
		HideSolutionNode = FALSE
	EndGlobalSection
	GlobalSection(ExtensibilityGlobals) = postSolution
		SolutionGuid = {FCF3C297-EC34-4201-89C9-7624F5024A23}
	EndGlobalSection
EndGlobal
